// !$*UTF8*$!
{
	archiveVersion = 1;
	classes = {
	};
	objectVersion = 55;
	objects = {

/* Begin PBXBuildFile section */
		2EB23F28156BEED64916E93F /* Pods_MessApp.framework in Frameworks */ = {isa = PBXBuildFile; fileRef = 02D5970D2B1D97246A3BFEF0 /* Pods_MessApp.framework */; };
		DD06874D284D4AAF009CC48C /* UserDefaults + Extension.swift in Sources */ = {isa = PBXBuildFile; fileRef = DD06874C284D4AAF009CC48C /* UserDefaults + Extension.swift */; };
		DD06874F284D4EF8009CC48C /* TabBarController + Extension.swift in Sources */ = {isa = PBXBuildFile; fileRef = DD06874E284D4EF8009CC48C /* TabBarController + Extension.swift */; };
		DD2B6731285C15AF00B8EE68 /* MessageTableViewCell.swift in Sources */ = {isa = PBXBuildFile; fileRef = DD2B6730285C15AF00B8EE68 /* MessageTableViewCell.swift */; };
		DDBC0C1B284638C400E2EF2F /* AppDelegate.swift in Sources */ = {isa = PBXBuildFile; fileRef = DDBC0C1A284638C400E2EF2F /* AppDelegate.swift */; };
		DDBC0C1F284638C400E2EF2F /* LoginViewController.swift in Sources */ = {isa = PBXBuildFile; fileRef = DDBC0C1E284638C400E2EF2F /* LoginViewController.swift */; };
		DDBC0C25284638C400E2EF2F /* MessApp.xcdatamodeld in Sources */ = {isa = PBXBuildFile; fileRef = DDBC0C23284638C400E2EF2F /* MessApp.xcdatamodeld */; };
		DDBC0C27284638C500E2EF2F /* Assets.xcassets in Resources */ = {isa = PBXBuildFile; fileRef = DDBC0C26284638C500E2EF2F /* Assets.xcassets */; };
		DDBC0C2A284638C500E2EF2F /* LaunchScreen.storyboard in Resources */ = {isa = PBXBuildFile; fileRef = DDBC0C28284638C500E2EF2F /* LaunchScreen.storyboard */; };
		DDD4693C285C357200A097C7 /* UILabel.swift in Sources */ = {isa = PBXBuildFile; fileRef = DDD4693B285C357200A097C7 /* UILabel.swift */; };
		DDD46941285CFCE100A097C7 /* Alert.swift in Sources */ = {isa = PBXBuildFile; fileRef = DDD46940285CFCE100A097C7 /* Alert.swift */; };
		DDD46943285D2F8000A097C7 /* CoreData.swift in Sources */ = {isa = PBXBuildFile; fileRef = DDD46942285D2F8000A097C7 /* CoreData.swift */; };
		DDD46945285D875D00A097C7 /* Date + Extension.swift in Sources */ = {isa = PBXBuildFile; fileRef = DDD46944285D875D00A097C7 /* Date + Extension.swift */; };
		DDDCAAAF2847406F00784A0E /* FavoritesViewController.swift in Sources */ = {isa = PBXBuildFile; fileRef = DDDCAAAE2847406F00784A0E /* FavoritesViewController.swift */; };
		DDDCAAB12847408400784A0E /* ChatsListViewController.swift in Sources */ = {isa = PBXBuildFile; fileRef = DDDCAAB02847408400784A0E /* ChatsListViewController.swift */; };
		DDDCAAB3284740A100784A0E /* ProfileViewController.swift in Sources */ = {isa = PBXBuildFile; fileRef = DDDCAAB2284740A100784A0E /* ProfileViewController.swift */; };
		DDDCAAB5284740D800784A0E /* MessageViewController.swift in Sources */ = {isa = PBXBuildFile; fileRef = DDDCAAB4284740D800784A0E /* MessageViewController.swift */; };
		DDDCAAB9284799F400784A0E /* AuthViewController.swift in Sources */ = {isa = PBXBuildFile; fileRef = DDDCAAB8284799F400784A0E /* AuthViewController.swift */; };
		DDDCAABD2848EA9400784A0E /* UIStackView + Extension.swift in Sources */ = {isa = PBXBuildFile; fileRef = DDDCAABC2848EA9400784A0E /* UIStackView + Extension.swift */; };
		DDDCAAC5284A902B00784A0E /* DataBaseManager.swift in Sources */ = {isa = PBXBuildFile; fileRef = DDDCAAC4284A902B00784A0E /* DataBaseManager.swift */; };
		DDE2E236284F338E004DBF3E /* GoogleService-Info.plist in Resources */ = {isa = PBXBuildFile; fileRef = DDDCAAC6284A969600784A0E /* GoogleService-Info.plist */; };
		DDE2E23828522498004DBF3E /* User.swift in Sources */ = {isa = PBXBuildFile; fileRef = DDE2E23728522498004DBF3E /* User.swift */; };
		DDE2E23A285224A1004DBF3E /* Message.swift in Sources */ = {isa = PBXBuildFile; fileRef = DDE2E239285224A1004DBF3E /* Message.swift */; };
/* End PBXBuildFile section */

/* Begin PBXFileReference section */
		02D5970D2B1D97246A3BFEF0 /* Pods_MessApp.framework */ = {isa = PBXFileReference; explicitFileType = wrapper.framework; includeInIndex = 0; path = Pods_MessApp.framework; sourceTree = BUILT_PRODUCTS_DIR; };
		1902EDB7C7685A54049E5A6F /* Pods-MessApp.debug.xcconfig */ = {isa = PBXFileReference; includeInIndex = 1; lastKnownFileType = text.xcconfig; name = "Pods-MessApp.debug.xcconfig"; path = "Target Support Files/Pods-MessApp/Pods-MessApp.debug.xcconfig"; sourceTree = "<group>"; };
		32B69A2E93C12B9F83294EAF /* Pods-MessApp.release.xcconfig */ = {isa = PBXFileReference; includeInIndex = 1; lastKnownFileType = text.xcconfig; name = "Pods-MessApp.release.xcconfig"; path = "Target Support Files/Pods-MessApp/Pods-MessApp.release.xcconfig"; sourceTree = "<group>"; };
		DD06874C284D4AAF009CC48C /* UserDefaults + Extension.swift */ = {isa = PBXFileReference; lastKnownFileType = sourcecode.swift; path = "UserDefaults + Extension.swift"; sourceTree = "<group>"; };
		DD06874E284D4EF8009CC48C /* TabBarController + Extension.swift */ = {isa = PBXFileReference; lastKnownFileType = sourcecode.swift; path = "TabBarController + Extension.swift"; sourceTree = "<group>"; };
		DD2B6730285C15AF00B8EE68 /* MessageTableViewCell.swift */ = {isa = PBXFileReference; lastKnownFileType = sourcecode.swift; path = MessageTableViewCell.swift; sourceTree = "<group>"; };
		DDBC0C17284638C400E2EF2F /* MessApp.app */ = {isa = PBXFileReference; explicitFileType = wrapper.application; includeInIndex = 0; path = MessApp.app; sourceTree = BUILT_PRODUCTS_DIR; };
		DDBC0C1A284638C400E2EF2F /* AppDelegate.swift */ = {isa = PBXFileReference; lastKnownFileType = sourcecode.swift; path = AppDelegate.swift; sourceTree = "<group>"; };
		DDBC0C1E284638C400E2EF2F /* LoginViewController.swift */ = {isa = PBXFileReference; lastKnownFileType = sourcecode.swift; path = LoginViewController.swift; sourceTree = "<group>"; };
		DDBC0C24284638C400E2EF2F /* MessApp.xcdatamodel */ = {isa = PBXFileReference; lastKnownFileType = wrapper.xcdatamodel; path = MessApp.xcdatamodel; sourceTree = "<group>"; };
		DDBC0C26284638C500E2EF2F /* Assets.xcassets */ = {isa = PBXFileReference; lastKnownFileType = folder.assetcatalog; path = Assets.xcassets; sourceTree = "<group>"; };
		DDBC0C29284638C500E2EF2F /* Base */ = {isa = PBXFileReference; lastKnownFileType = file.storyboard; name = Base; path = Base.lproj/LaunchScreen.storyboard; sourceTree = "<group>"; };
		DDBC0C2B284638C500E2EF2F /* Info.plist */ = {isa = PBXFileReference; lastKnownFileType = text.plist.xml; path = Info.plist; sourceTree = "<group>"; };
		DDD4693B285C357200A097C7 /* UILabel.swift */ = {isa = PBXFileReference; lastKnownFileType = sourcecode.swift; path = UILabel.swift; sourceTree = "<group>"; };
		DDD46940285CFCE100A097C7 /* Alert.swift */ = {isa = PBXFileReference; lastKnownFileType = sourcecode.swift; path = Alert.swift; sourceTree = "<group>"; };
		DDD46942285D2F8000A097C7 /* CoreData.swift */ = {isa = PBXFileReference; lastKnownFileType = sourcecode.swift; path = CoreData.swift; sourceTree = "<group>"; };
		DDD46944285D875D00A097C7 /* Date + Extension.swift */ = {isa = PBXFileReference; lastKnownFileType = sourcecode.swift; path = "Date + Extension.swift"; sourceTree = "<group>"; };
		DDDCAAAE2847406F00784A0E /* FavoritesViewController.swift */ = {isa = PBXFileReference; lastKnownFileType = sourcecode.swift; path = FavoritesViewController.swift; sourceTree = "<group>"; };
		DDDCAAB02847408400784A0E /* ChatsListViewController.swift */ = {isa = PBXFileReference; lastKnownFileType = sourcecode.swift; path = ChatsListViewController.swift; sourceTree = "<group>"; };
		DDDCAAB2284740A100784A0E /* ProfileViewController.swift */ = {isa = PBXFileReference; lastKnownFileType = sourcecode.swift; path = ProfileViewController.swift; sourceTree = "<group>"; };
		DDDCAAB4284740D800784A0E /* MessageViewController.swift */ = {isa = PBXFileReference; lastKnownFileType = sourcecode.swift; path = MessageViewController.swift; sourceTree = "<group>"; };
		DDDCAAB8284799F400784A0E /* AuthViewController.swift */ = {isa = PBXFileReference; lastKnownFileType = sourcecode.swift; path = AuthViewController.swift; sourceTree = "<group>"; };
		DDDCAABC2848EA9400784A0E /* UIStackView + Extension.swift */ = {isa = PBXFileReference; lastKnownFileType = sourcecode.swift; path = "UIStackView + Extension.swift"; sourceTree = "<group>"; };
		DDDCAAC4284A902B00784A0E /* DataBaseManager.swift */ = {isa = PBXFileReference; lastKnownFileType = sourcecode.swift; path = DataBaseManager.swift; sourceTree = "<group>"; };
		DDDCAAC6284A969600784A0E /* GoogleService-Info.plist */ = {isa = PBXFileReference; fileEncoding = 4; lastKnownFileType = text.plist.xml; path = "GoogleService-Info.plist"; sourceTree = "<group>"; };
		DDE2E23728522498004DBF3E /* User.swift */ = {isa = PBXFileReference; lastKnownFileType = sourcecode.swift; path = User.swift; sourceTree = "<group>"; };
		DDE2E239285224A1004DBF3E /* Message.swift */ = {isa = PBXFileReference; lastKnownFileType = sourcecode.swift; path = Message.swift; sourceTree = "<group>"; };
/* End PBXFileReference section */

/* Begin PBXFrameworksBuildPhase section */
		DDBC0C14284638C400E2EF2F /* Frameworks */ = {
			isa = PBXFrameworksBuildPhase;
			buildActionMask = 2147483647;
			files = (
				2EB23F28156BEED64916E93F /* Pods_MessApp.framework in Frameworks */,
			);
			runOnlyForDeploymentPostprocessing = 0;
		};
/* End PBXFrameworksBuildPhase section */

/* Begin PBXGroup section */
		8D9789057195829AE8A2A910 /* Frameworks */ = {
			isa = PBXGroup;
			children = (
				02D5970D2B1D97246A3BFEF0 /* Pods_MessApp.framework */,
			);
			name = Frameworks;
			sourceTree = "<group>";
		};
		BBE50B35E070C263C9085CB0 /* Pods */ = {
			isa = PBXGroup;
			children = (
				1902EDB7C7685A54049E5A6F /* Pods-MessApp.debug.xcconfig */,
				32B69A2E93C12B9F83294EAF /* Pods-MessApp.release.xcconfig */,
			);
			path = Pods;
			sourceTree = "<group>";
		};
		DD2B672F285C145B00B8EE68 /* Cell */ = {
			isa = PBXGroup;
			children = (
				DD2B6730285C15AF00B8EE68 /* MessageTableViewCell.swift */,
			);
			path = Cell;
			sourceTree = "<group>";
		};
		DD483C2728465A69000B06CF /* Source */ = {
			isa = PBXGroup;
			children = (
				DDBC0C28284638C500E2EF2F /* LaunchScreen.storyboard */,
				DDBC0C1A284638C400E2EF2F /* AppDelegate.swift */,
				DDBC0C26284638C500E2EF2F /* Assets.xcassets */,
				DDDCAAC6284A969600784A0E /* GoogleService-Info.plist */,
				DDBC0C2B284638C500E2EF2F /* Info.plist */,
			);
			path = Source;
			sourceTree = "<group>";
		};
		DDBC0C0E284638C400E2EF2F = {
			isa = PBXGroup;
			children = (
				DDBC0C19284638C400E2EF2F /* MessApp */,
				DDBC0C18284638C400E2EF2F /* Products */,
				BBE50B35E070C263C9085CB0 /* Pods */,
				8D9789057195829AE8A2A910 /* Frameworks */,
			);
			sourceTree = "<group>";
		};
		DDBC0C18284638C400E2EF2F /* Products */ = {
			isa = PBXGroup;
			children = (
				DDBC0C17284638C400E2EF2F /* MessApp.app */,
			);
			name = Products;
			sourceTree = "<group>";
		};
		DDBC0C19284638C400E2EF2F /* MessApp */ = {
			isa = PBXGroup;
			children = (
				DD483C2728465A69000B06CF /* Source */,
				DDDCAA8828466D8E00784A0E /* Models */,
				DDDCAA872846663400784A0E /* ViewControllers */,
				DDDCAABB2848EA6900784A0E /* Extensions */,
				DDD4693D285C35BB00A097C7 /* Helper */,
				DDDCAAC3284A8FE200784A0E /* StorageData */,
				DDBC0C23284638C400E2EF2F /* MessApp.xcdatamodeld */,
			);
			path = MessApp;
			sourceTree = "<group>";
		};
		DDD4693D285C35BB00A097C7 /* Helper */ = {
			isa = PBXGroup;
			children = (
				DDD4693B285C357200A097C7 /* UILabel.swift */,
				DDD46940285CFCE100A097C7 /* Alert.swift */,
			);
			path = Helper;
			sourceTree = "<group>";
		};
		DDDCAA872846663400784A0E /* ViewControllers */ = {
			isa = PBXGroup;
			children = (
				DD2B672F285C145B00B8EE68 /* Cell */,
				DDDCAABA2848D75500784A0E /* LoginVC */,
				DDE2E23B28568D65004DBF3E /* ChatsVC */,
				DDDCAAAE2847406F00784A0E /* FavoritesViewController.swift */,
				DDDCAAB2284740A100784A0E /* ProfileViewController.swift */,
			);
			path = ViewControllers;
			sourceTree = "<group>";
		};
		DDDCAA8828466D8E00784A0E /* Models */ = {
			isa = PBXGroup;
			children = (
				DDE2E23728522498004DBF3E /* User.swift */,
				DDE2E239285224A1004DBF3E /* Message.swift */,
			);
			path = Models;
			sourceTree = "<group>";
		};
		DDDCAABA2848D75500784A0E /* LoginVC */ = {
			isa = PBXGroup;
			children = (
				DDDCAAB8284799F400784A0E /* AuthViewController.swift */,
				DDBC0C1E284638C400E2EF2F /* LoginViewController.swift */,
			);
			path = LoginVC;
			sourceTree = "<group>";
		};
		DDDCAABB2848EA6900784A0E /* Extensions */ = {
			isa = PBXGroup;
			children = (
				DDDCAABC2848EA9400784A0E /* UIStackView + Extension.swift */,
				DD06874C284D4AAF009CC48C /* UserDefaults + Extension.swift */,
				DD06874E284D4EF8009CC48C /* TabBarController + Extension.swift */,
				DDD46944285D875D00A097C7 /* Date + Extension.swift */,
			);
			path = Extensions;
			sourceTree = "<group>";
		};
		DDDCAAC3284A8FE200784A0E /* StorageData */ = {
			isa = PBXGroup;
			children = (
				DDDCAAC4284A902B00784A0E /* DataBaseManager.swift */,
				DDD46942285D2F8000A097C7 /* CoreData.swift */,
			);
			path = StorageData;
			sourceTree = "<group>";
		};
		DDE2E23B28568D65004DBF3E /* ChatsVC */ = {
			isa = PBXGroup;
			children = (
				DDDCAAB02847408400784A0E /* ChatsListViewController.swift */,
				DDDCAAB4284740D800784A0E /* MessageViewController.swift */,
			);
			path = ChatsVC;
			sourceTree = "<group>";
		};
/* End PBXGroup section */

/* Begin PBXNativeTarget section */
		DDBC0C16284638C400E2EF2F /* MessApp */ = {
			isa = PBXNativeTarget;
			buildConfigurationList = DDBC0C2E284638C500E2EF2F /* Build configuration list for PBXNativeTarget "MessApp" */;
			buildPhases = (
				8F5B77CCDA1F233D45747B53 /* [CP] Check Pods Manifest.lock */,
				DDBC0C13284638C400E2EF2F /* Sources */,
				DDBC0C14284638C400E2EF2F /* Frameworks */,
				DDBC0C15284638C400E2EF2F /* Resources */,
				EC9A7804D46A92692D4AA899 /* [CP] Embed Pods Frameworks */,
			);
			buildRules = (
			);
			dependencies = (
			);
			name = MessApp;
			productName = MessApp;
			productReference = DDBC0C17284638C400E2EF2F /* MessApp.app */;
			productType = "com.apple.product-type.application";
		};
/* End PBXNativeTarget section */

/* Begin PBXProject section */
		DDBC0C0F284638C400E2EF2F /* Project object */ = {
			isa = PBXProject;
			attributes = {
				BuildIndependentTargetsInParallel = 1;
				LastSwiftUpdateCheck = 1330;
				LastUpgradeCheck = 1330;
				TargetAttributes = {
					DDBC0C16284638C400E2EF2F = {
						CreatedOnToolsVersion = 13.3.1;
					};
				};
			};
			buildConfigurationList = DDBC0C12284638C400E2EF2F /* Build configuration list for PBXProject "MessApp" */;
			compatibilityVersion = "Xcode 13.0";
			developmentRegion = en;
			hasScannedForEncodings = 0;
			knownRegions = (
				en,
				Base,
			);
			mainGroup = DDBC0C0E284638C400E2EF2F;
			productRefGroup = DDBC0C18284638C400E2EF2F /* Products */;
			projectDirPath = "";
			projectRoot = "";
			targets = (
				DDBC0C16284638C400E2EF2F /* MessApp */,
			);
		};
/* End PBXProject section */

/* Begin PBXResourcesBuildPhase section */
		DDBC0C15284638C400E2EF2F /* Resources */ = {
			isa = PBXResourcesBuildPhase;
			buildActionMask = 2147483647;
			files = (
				DDE2E236284F338E004DBF3E /* GoogleService-Info.plist in Resources */,
				DDBC0C2A284638C500E2EF2F /* LaunchScreen.storyboard in Resources */,
				DDBC0C27284638C500E2EF2F /* Assets.xcassets in Resources */,
			);
			runOnlyForDeploymentPostprocessing = 0;
		};
/* End PBXResourcesBuildPhase section */

/* Begin PBXShellScriptBuildPhase section */
		8F5B77CCDA1F233D45747B53 /* [CP] Check Pods Manifest.lock */ = {
			isa = PBXShellScriptBuildPhase;
			buildActionMask = 2147483647;
			files = (
			);
			inputFileListPaths = (
			);
			inputPaths = (
				"${PODS_PODFILE_DIR_PATH}/Podfile.lock",
				"${PODS_ROOT}/Manifest.lock",
			);
			name = "[CP] Check Pods Manifest.lock";
			outputFileListPaths = (
			);
			outputPaths = (
				"$(DERIVED_FILE_DIR)/Pods-MessApp-checkManifestLockResult.txt",
			);
			runOnlyForDeploymentPostprocessing = 0;
			shellPath = /bin/sh;
			shellScript = "diff \"${PODS_PODFILE_DIR_PATH}/Podfile.lock\" \"${PODS_ROOT}/Manifest.lock\" > /dev/null\nif [ $? != 0 ] ; then\n    # print error to STDERR\n    echo \"error: The sandbox is not in sync with the Podfile.lock. Run 'pod install' or update your CocoaPods installation.\" >&2\n    exit 1\nfi\n# This output is used by Xcode 'outputs' to avoid re-running this script phase.\necho \"SUCCESS\" > \"${SCRIPT_OUTPUT_FILE_0}\"\n";
			showEnvVarsInLog = 0;
		};
		EC9A7804D46A92692D4AA899 /* [CP] Embed Pods Frameworks */ = {
			isa = PBXShellScriptBuildPhase;
			buildActionMask = 2147483647;
			files = (
			);
			inputFileListPaths = (
				"${PODS_ROOT}/Target Support Files/Pods-MessApp/Pods-MessApp-frameworks-${CONFIGURATION}-input-files.xcfilelist",
			);
			name = "[CP] Embed Pods Frameworks";
			outputFileListPaths = (
				"${PODS_ROOT}/Target Support Files/Pods-MessApp/Pods-MessApp-frameworks-${CONFIGURATION}-output-files.xcfilelist",
			);
			runOnlyForDeploymentPostprocessing = 0;
			shellPath = /bin/sh;
			shellScript = "\"${PODS_ROOT}/Target Support Files/Pods-MessApp/Pods-MessApp-frameworks.sh\"\n";
			showEnvVarsInLog = 0;
		};
/* End PBXShellScriptBuildPhase section */

/* Begin PBXSourcesBuildPhase section */
		DDBC0C13284638C400E2EF2F /* Sources */ = {
			isa = PBXSourcesBuildPhase;
			buildActionMask = 2147483647;
			files = (
				DDE2E23828522498004DBF3E /* User.swift in Sources */,
				DD06874D284D4AAF009CC48C /* UserDefaults + Extension.swift in Sources */,
				DD06874F284D4EF8009CC48C /* TabBarController + Extension.swift in Sources */,
				DDDCAAB3284740A100784A0E /* ProfileViewController.swift in Sources */,
				DDD46943285D2F8000A097C7 /* CoreData.swift in Sources */,
				DDBC0C1F284638C400E2EF2F /* LoginViewController.swift in Sources */,
				DDDCAABD2848EA9400784A0E /* UIStackView + Extension.swift in Sources */,
				DDBC0C25284638C400E2EF2F /* MessApp.xcdatamodeld in Sources */,
				DDDCAAB5284740D800784A0E /* MessageViewController.swift in Sources */,
				DD2B6731285C15AF00B8EE68 /* MessageTableViewCell.swift in Sources */,
				DDDCAAB12847408400784A0E /* ChatsListViewController.swift in Sources */,
				DDDCAAB9284799F400784A0E /* AuthViewController.swift in Sources */,
				DDD46941285CFCE100A097C7 /* Alert.swift in Sources */,
				DDDCAAAF2847406F00784A0E /* FavoritesViewController.swift in Sources */,
				DDBC0C1B284638C400E2EF2F /* AppDelegate.swift in Sources */,
				DDD4693C285C357200A097C7 /* UILabel.swift in Sources */,
				DDD46945285D875D00A097C7 /* Date + Extension.swift in Sources */,
				DDDCAAC5284A902B00784A0E /* DataBaseManager.swift in Sources */,
				DDE2E23A285224A1004DBF3E /* Message.swift in Sources */,
			);
			runOnlyForDeploymentPostprocessing = 0;
		};
/* End PBXSourcesBuildPhase section */

/* Begin PBXVariantGroup section */
		DDBC0C28284638C500E2EF2F /* LaunchScreen.storyboard */ = {
			isa = PBXVariantGroup;
			children = (
				DDBC0C29284638C500E2EF2F /* Base */,
			);
			name = LaunchScreen.storyboard;
			sourceTree = "<group>";
		};
/* End PBXVariantGroup section */

/* Begin XCBuildConfiguration section */
		DDBC0C2C284638C500E2EF2F /* Debug */ = {
			isa = XCBuildConfiguration;
			buildSettings = {
				ALWAYS_SEARCH_USER_PATHS = NO;
				CLANG_ANALYZER_NONNULL = YES;
				CLANG_ANALYZER_NUMBER_OBJECT_CONVERSION = YES_AGGRESSIVE;
				CLANG_CXX_LANGUAGE_STANDARD = "gnu++17";
				CLANG_ENABLE_MODULES = YES;
				CLANG_ENABLE_OBJC_ARC = YES;
				CLANG_ENABLE_OBJC_WEAK = YES;
				CLANG_WARN_BLOCK_CAPTURE_AUTORELEASING = YES;
				CLANG_WARN_BOOL_CONVERSION = YES;
				CLANG_WARN_COMMA = YES;
				CLANG_WARN_CONSTANT_CONVERSION = YES;
				CLANG_WARN_DEPRECATED_OBJC_IMPLEMENTATIONS = YES;
				CLANG_WARN_DIRECT_OBJC_ISA_USAGE = YES_ERROR;
				CLANG_WARN_DOCUMENTATION_COMMENTS = YES;
				CLANG_WARN_EMPTY_BODY = YES;
				CLANG_WARN_ENUM_CONVERSION = YES;
				CLANG_WARN_INFINITE_RECURSION = YES;
				CLANG_WARN_INT_CONVERSION = YES;
				CLANG_WARN_NON_LITERAL_NULL_CONVERSION = YES;
				CLANG_WARN_OBJC_IMPLICIT_RETAIN_SELF = YES;
				CLANG_WARN_OBJC_LITERAL_CONVERSION = YES;
				CLANG_WARN_OBJC_ROOT_CLASS = YES_ERROR;
				CLANG_WARN_QUOTED_INCLUDE_IN_FRAMEWORK_HEADER = YES;
				CLANG_WARN_RANGE_LOOP_ANALYSIS = YES;
				CLANG_WARN_STRICT_PROTOTYPES = YES;
				CLANG_WARN_SUSPICIOUS_MOVE = YES;
				CLANG_WARN_UNGUARDED_AVAILABILITY = YES_AGGRESSIVE;
				CLANG_WARN_UNREACHABLE_CODE = YES;
				CLANG_WARN__DUPLICATE_METHOD_MATCH = YES;
				COPY_PHASE_STRIP = NO;
				DEBUG_INFORMATION_FORMAT = dwarf;
				ENABLE_STRICT_OBJC_MSGSEND = YES;
				ENABLE_TESTABILITY = YES;
				GCC_C_LANGUAGE_STANDARD = gnu11;
				GCC_DYNAMIC_NO_PIC = NO;
				GCC_NO_COMMON_BLOCKS = YES;
				GCC_OPTIMIZATION_LEVEL = 0;
				GCC_PREPROCESSOR_DEFINITIONS = (
					"DEBUG=1",
					"$(inherited)",
				);
				GCC_WARN_64_TO_32_BIT_CONVERSION = YES;
				GCC_WARN_ABOUT_RETURN_TYPE = YES_ERROR;
				GCC_WARN_UNDECLARED_SELECTOR = YES;
				GCC_WARN_UNINITIALIZED_AUTOS = YES_AGGRESSIVE;
				GCC_WARN_UNUSED_FUNCTION = YES;
				GCC_WARN_UNUSED_VARIABLE = YES;
				IPHONEOS_DEPLOYMENT_TARGET = 15.4;
				MTL_ENABLE_DEBUG_INFO = INCLUDE_SOURCE;
				MTL_FAST_MATH = YES;
				ONLY_ACTIVE_ARCH = YES;
				SDKROOT = iphoneos;
				SWIFT_ACTIVE_COMPILATION_CONDITIONS = DEBUG;
				SWIFT_OPTIMIZATION_LEVEL = "-Onone";
			};
			name = Debug;
		};
		DDBC0C2D284638C500E2EF2F /* Release */ = {
			isa = XCBuildConfiguration;
			buildSettings = {
				ALWAYS_SEARCH_USER_PATHS = NO;
				CLANG_ANALYZER_NONNULL = YES;
				CLANG_ANALYZER_NUMBER_OBJECT_CONVERSION = YES_AGGRESSIVE;
				CLANG_CXX_LANGUAGE_STANDARD = "gnu++17";
				CLANG_ENABLE_MODULES = YES;
				CLANG_ENABLE_OBJC_ARC = YES;
				CLANG_ENABLE_OBJC_WEAK = YES;
				CLANG_WARN_BLOCK_CAPTURE_AUTORELEASING = YES;
				CLANG_WARN_BOOL_CONVERSION = YES;
				CLANG_WARN_COMMA = YES;
				CLANG_WARN_CONSTANT_CONVERSION = YES;
				CLANG_WARN_DEPRECATED_OBJC_IMPLEMENTATIONS = YES;
				CLANG_WARN_DIRECT_OBJC_ISA_USAGE = YES_ERROR;
				CLANG_WARN_DOCUMENTATION_COMMENTS = YES;
				CLANG_WARN_EMPTY_BODY = YES;
				CLANG_WARN_ENUM_CONVERSION = YES;
				CLANG_WARN_INFINITE_RECURSION = YES;
				CLANG_WARN_INT_CONVERSION = YES;
				CLANG_WARN_NON_LITERAL_NULL_CONVERSION = YES;
				CLANG_WARN_OBJC_IMPLICIT_RETAIN_SELF = YES;
				CLANG_WARN_OBJC_LITERAL_CONVERSION = YES;
				CLANG_WARN_OBJC_ROOT_CLASS = YES_ERROR;
				CLANG_WARN_QUOTED_INCLUDE_IN_FRAMEWORK_HEADER = YES;
				CLANG_WARN_RANGE_LOOP_ANALYSIS = YES;
				CLANG_WARN_STRICT_PROTOTYPES = YES;
				CLANG_WARN_SUSPICIOUS_MOVE = YES;
				CLANG_WARN_UNGUARDED_AVAILABILITY = YES_AGGRESSIVE;
				CLANG_WARN_UNREACHABLE_CODE = YES;
				CLANG_WARN__DUPLICATE_METHOD_MATCH = YES;
				COPY_PHASE_STRIP = NO;
				DEBUG_INFORMATION_FORMAT = "dwarf-with-dsym";
				ENABLE_NS_ASSERTIONS = NO;
				ENABLE_STRICT_OBJC_MSGSEND = YES;
				GCC_C_LANGUAGE_STANDARD = gnu11;
				GCC_NO_COMMON_BLOCKS = YES;
				GCC_WARN_64_TO_32_BIT_CONVERSION = YES;
				GCC_WARN_ABOUT_RETURN_TYPE = YES_ERROR;
				GCC_WARN_UNDECLARED_SELECTOR = YES;
				GCC_WARN_UNINITIALIZED_AUTOS = YES_AGGRESSIVE;
				GCC_WARN_UNUSED_FUNCTION = YES;
				GCC_WARN_UNUSED_VARIABLE = YES;
				IPHONEOS_DEPLOYMENT_TARGET = 15.4;
				MTL_ENABLE_DEBUG_INFO = NO;
				MTL_FAST_MATH = YES;
				SDKROOT = iphoneos;
				SWIFT_COMPILATION_MODE = wholemodule;
				SWIFT_OPTIMIZATION_LEVEL = "-O";
				VALIDATE_PRODUCT = YES;
			};
			name = Release;
		};
		DDBC0C2F284638C500E2EF2F /* Debug */ = {
			isa = XCBuildConfiguration;
			baseConfigurationReference = 1902EDB7C7685A54049E5A6F /* Pods-MessApp.debug.xcconfig */;
			buildSettings = {
				ASSETCATALOG_COMPILER_APPICON_NAME = AppIcon;
				ASSETCATALOG_COMPILER_GLOBAL_ACCENT_COLOR_NAME = AccentColor;
				CODE_SIGN_STYLE = Automatic;
				CURRENT_PROJECT_VERSION = 1;
				DEVELOPMENT_TEAM = BN87K5QK52;
				GENERATE_INFOPLIST_FILE = YES;
				INFOPLIST_FILE = MessApp/Source/Info.plist;
				INFOPLIST_KEY_UIApplicationSupportsIndirectInputEvents = YES;
				INFOPLIST_KEY_UILaunchStoryboardName = LaunchScreen;
				INFOPLIST_KEY_UISupportedInterfaceOrientations_iPad = "UIInterfaceOrientationPortrait UIInterfaceOrientationPortraitUpsideDown UIInterfaceOrientationLandscapeLeft UIInterfaceOrientationLandscapeRight";
				INFOPLIST_KEY_UISupportedInterfaceOrientations_iPhone = "UIInterfaceOrientationPortrait UIInterfaceOrientationLandscapeLeft UIInterfaceOrientationLandscapeRight";
				IPHONEOS_DEPLOYMENT_TARGET = 15.4;
				LD_RUNPATH_SEARCH_PATHS = (
					"$(inherited)",
					"@executable_path/Frameworks",
				);
				MARKETING_VERSION = 1.0;
				PRODUCT_BUNDLE_IDENTIFIER = HG.MessApp;
				PRODUCT_NAME = "$(TARGET_NAME)";
				SWIFT_EMIT_LOC_STRINGS = YES;
				SWIFT_VERSION = 5.0;
				TARGETED_DEVICE_FAMILY = 1;
			};
			name = Debug;
		};
		DDBC0C30284638C500E2EF2F /* Release */ = {
			isa = XCBuildConfiguration;
			baseConfigurationReference = 32B69A2E93C12B9F83294EAF /* Pods-MessApp.release.xcconfig */;
			buildSettings = {
				ASSETCATALOG_COMPILER_APPICON_NAME = AppIcon;
				ASSETCATALOG_COMPILER_GLOBAL_ACCENT_COLOR_NAME = AccentColor;
				CODE_SIGN_STYLE = Automatic;
				CURRENT_PROJECT_VERSION = 1;
				DEVELOPMENT_TEAM = BN87K5QK52;
				GENERATE_INFOPLIST_FILE = YES;
				INFOPLIST_FILE = MessApp/Source/Info.plist;
				INFOPLIST_KEY_UIApplicationSupportsIndirectInputEvents = YES;
				INFOPLIST_KEY_UILaunchStoryboardName = LaunchScreen;
				INFOPLIST_KEY_UISupportedInterfaceOrientations_iPad = "UIInterfaceOrientationPortrait UIInterfaceOrientationPortraitUpsideDown UIInterfaceOrientationLandscapeLeft UIInterfaceOrientationLandscapeRight";
				INFOPLIST_KEY_UISupportedInterfaceOrientations_iPhone = "UIInterfaceOrientationPortrait UIInterfaceOrientationLandscapeLeft UIInterfaceOrientationLandscapeRight";
				IPHONEOS_DEPLOYMENT_TARGET = 15.4;
				LD_RUNPATH_SEARCH_PATHS = (
					"$(inherited)",
					"@executable_path/Frameworks",
				);
				MARKETING_VERSION = 1.0;
				PRODUCT_BUNDLE_IDENTIFIER = HG.MessApp;
				PRODUCT_NAME = "$(TARGET_NAME)";
				SWIFT_EMIT_LOC_STRINGS = YES;
				SWIFT_VERSION = 5.0;
				TARGETED_DEVICE_FAMILY = 1;
			};
			name = Release;
		};
/* End XCBuildConfiguration section */

/* Begin XCConfigurationList section */
		DDBC0C12284638C400E2EF2F /* Build configuration list for PBXProject "MessApp" */ = {
			isa = XCConfigurationList;
			buildConfigurations = (
				DDBC0C2C284638C500E2EF2F /* Debug */,
				DDBC0C2D284638C500E2EF2F /* Release */,
			);
			defaultConfigurationIsVisible = 0;
			defaultConfigurationName = Release;
		};
		DDBC0C2E284638C500E2EF2F /* Build configuration list for PBXNativeTarget "MessApp" */ = {
			isa = XCConfigurationList;
			buildConfigurations = (
				DDBC0C2F284638C500E2EF2F /* Debug */,
				DDBC0C30284638C500E2EF2F /* Release */,
			);
			defaultConfigurationIsVisible = 0;
			defaultConfigurationName = Release;
		};
/* End XCConfigurationList section */

/* Begin XCVersionGroup section */
		DDBC0C23284638C400E2EF2F /* MessApp.xcdatamodeld */ = {
			isa = XCVersionGroup;
			children = (
				DDBC0C24284638C400E2EF2F /* MessApp.xcdatamodel */,
			);
			currentVersion = DDBC0C24284638C400E2EF2F /* MessApp.xcdatamodel */;
			path = MessApp.xcdatamodeld;
			sourceTree = "<group>";
			versionGroupType = wrapper.xcdatamodel;
		};
/* End XCVersionGroup section */
	};
	rootObject = DDBC0C0F284638C400E2EF2F /* Project object */;
}
