// !$*UTF8*$!
{
	archiveVersion = 1;
	classes = {
	};
	objectVersion = 55;
	objects = {

/* Begin PBXBuildFile section */
		DDBC0C1B284638C400E2EF2F /* AppDelegate.swift in Sources */ = {isa = PBXBuildFile; fileRef = DDBC0C1A284638C400E2EF2F /* AppDelegate.swift */; };
		DDBC0C1F284638C400E2EF2F /* AuthViewController.swift in Sources */ = {isa = PBXBuildFile; fileRef = DDBC0C1E284638C400E2EF2F /* AuthViewController.swift */; };
		DDBC0C25284638C400E2EF2F /* MessApp.xcdatamodeld in Sources */ = {isa = PBXBuildFile; fileRef = DDBC0C23284638C400E2EF2F /* MessApp.xcdatamodeld */; };
		DDBC0C27284638C500E2EF2F /* Assets.xcassets in Resources */ = {isa = PBXBuildFile; fileRef = DDBC0C26284638C500E2EF2F /* Assets.xcassets */; };
		DDBC0C2A284638C500E2EF2F /* LaunchScreen.storyboard in Resources */ = {isa = PBXBuildFile; fileRef = DDBC0C28284638C500E2EF2F /* LaunchScreen.storyboard */; };
		DDCF029F28465C3300FCE4A1 /* GoogleService-Info.plist in Resources */ = {isa = PBXBuildFile; fileRef = DDCF029E28465C3300FCE4A1 /* GoogleService-Info.plist */; };
		DDDCAAAF2847406F00784A0E /* FavoritesViewController.swift in Sources */ = {isa = PBXBuildFile; fileRef = DDDCAAAE2847406F00784A0E /* FavoritesViewController.swift */; };
		DDDCAAB12847408400784A0E /* ChatsListViewController.swift in Sources */ = {isa = PBXBuildFile; fileRef = DDDCAAB02847408400784A0E /* ChatsListViewController.swift */; };
		DDDCAAB3284740A100784A0E /* ProfileViewController.swift in Sources */ = {isa = PBXBuildFile; fileRef = DDDCAAB2284740A100784A0E /* ProfileViewController.swift */; };
		DDDCAAB5284740D800784A0E /* ChatViewController.swift in Sources */ = {isa = PBXBuildFile; fileRef = DDDCAAB4284740D800784A0E /* ChatViewController.swift */; };
		DDDCAAB728474F7E00784A0E /* TabBarController.swift in Sources */ = {isa = PBXBuildFile; fileRef = DDDCAAB628474F7E00784A0E /* TabBarController.swift */; };
		DDDCAAB9284799F400784A0E /* ConversationsViewController.swift in Sources */ = {isa = PBXBuildFile; fileRef = DDDCAAB8284799F400784A0E /* ConversationsViewController.swift */; };
		DDDCAABD2848EA9400784A0E /* UIStackView + Extensions.swift in Sources */ = {isa = PBXBuildFile; fileRef = DDDCAABC2848EA9400784A0E /* UIStackView + Extensions.swift */; };
/* End PBXBuildFile section */

/* Begin PBXFileReference section */
		DDBC0C17284638C400E2EF2F /* MessApp.app */ = {isa = PBXFileReference; explicitFileType = wrapper.application; includeInIndex = 0; path = MessApp.app; sourceTree = BUILT_PRODUCTS_DIR; };
		DDBC0C1A284638C400E2EF2F /* AppDelegate.swift */ = {isa = PBXFileReference; lastKnownFileType = sourcecode.swift; path = AppDelegate.swift; sourceTree = "<group>"; };
		DDBC0C1E284638C400E2EF2F /* AuthViewController.swift */ = {isa = PBXFileReference; lastKnownFileType = sourcecode.swift; path = AuthViewController.swift; sourceTree = "<group>"; };
		DDBC0C24284638C400E2EF2F /* MessApp.xcdatamodel */ = {isa = PBXFileReference; lastKnownFileType = wrapper.xcdatamodel; path = MessApp.xcdatamodel; sourceTree = "<group>"; };
		DDBC0C26284638C500E2EF2F /* Assets.xcassets */ = {isa = PBXFileReference; lastKnownFileType = folder.assetcatalog; path = Assets.xcassets; sourceTree = "<group>"; };
		DDBC0C29284638C500E2EF2F /* Base */ = {isa = PBXFileReference; lastKnownFileType = file.storyboard; name = Base; path = Base.lproj/LaunchScreen.storyboard; sourceTree = "<group>"; };
		DDBC0C2B284638C500E2EF2F /* Info.plist */ = {isa = PBXFileReference; lastKnownFileType = text.plist.xml; path = Info.plist; sourceTree = "<group>"; };
		DDCF029E28465C3300FCE4A1 /* GoogleService-Info.plist */ = {isa = PBXFileReference; fileEncoding = 4; lastKnownFileType = text.plist.xml; path = "GoogleService-Info.plist"; sourceTree = "<group>"; };
		DDDCAAAE2847406F00784A0E /* FavoritesViewController.swift */ = {isa = PBXFileReference; lastKnownFileType = sourcecode.swift; path = FavoritesViewController.swift; sourceTree = "<group>"; };
		DDDCAAB02847408400784A0E /* ChatsListViewController.swift */ = {isa = PBXFileReference; lastKnownFileType = sourcecode.swift; path = ChatsListViewController.swift; sourceTree = "<group>"; };
		DDDCAAB2284740A100784A0E /* ProfileViewController.swift */ = {isa = PBXFileReference; lastKnownFileType = sourcecode.swift; path = ProfileViewController.swift; sourceTree = "<group>"; };
		DDDCAAB4284740D800784A0E /* ChatViewController.swift */ = {isa = PBXFileReference; lastKnownFileType = sourcecode.swift; path = ChatViewController.swift; sourceTree = "<group>"; };
		DDDCAAB628474F7E00784A0E /* TabBarController.swift */ = {isa = PBXFileReference; lastKnownFileType = sourcecode.swift; path = TabBarController.swift; sourceTree = "<group>"; };
		DDDCAAB8284799F400784A0E /* ConversationsViewController.swift */ = {isa = PBXFileReference; lastKnownFileType = sourcecode.swift; path = ConversationsViewController.swift; sourceTree = "<group>"; };
		DDDCAABC2848EA9400784A0E /* UIStackView + Extensions.swift */ = {isa = PBXFileReference; lastKnownFileType = sourcecode.swift; path = "UIStackView + Extensions.swift"; sourceTree = "<group>"; };
/* End PBXFileReference section */

/* Begin PBXFrameworksBuildPhase section */
		DDBC0C14284638C400E2EF2F /* Frameworks */ = {
			isa = PBXFrameworksBuildPhase;
			buildActionMask = 2147483647;
			files = (
			);
			runOnlyForDeploymentPostprocessing = 0;
		};
/* End PBXFrameworksBuildPhase section */

/* Begin PBXGroup section */
		DD483C2728465A69000B06CF /* Source */ = {
			isa = PBXGroup;
			children = (
				DDBC0C28284638C500E2EF2F /* LaunchScreen.storyboard */,
				DDBC0C1A284638C400E2EF2F /* AppDelegate.swift */,
				DDBC0C26284638C500E2EF2F /* Assets.xcassets */,
				DDCF029E28465C3300FCE4A1 /* GoogleService-Info.plist */,
				DDBC0C2B284638C500E2EF2F /* Info.plist */,
			);
			path = Source;
			sourceTree = "<group>";
		};
		DDBC0C0E284638C400E2EF2F = {
			isa = PBXGroup;
			children = (
				DDBC0C19284638C400E2EF2F /* MessApp */,
				DDBC0C18284638C400E2EF2F /* Products */,
			);
			sourceTree = "<group>";
		};
		DDBC0C18284638C400E2EF2F /* Products */ = {
			isa = PBXGroup;
			children = (
				DDBC0C17284638C400E2EF2F /* MessApp.app */,
			);
			name = Products;
			sourceTree = "<group>";
		};
		DDBC0C19284638C400E2EF2F /* MessApp */ = {
			isa = PBXGroup;
			children = (
				DD483C2728465A69000B06CF /* Source */,
				DDDCAA8828466D8E00784A0E /* Models */,
				DDDCAA872846663400784A0E /* ViewControllers */,
				DDDCAABB2848EA6900784A0E /* Extensions */,
				DDBC0C23284638C400E2EF2F /* MessApp.xcdatamodeld */,
			);
			path = MessApp;
			sourceTree = "<group>";
		};
		DDDCAA872846663400784A0E /* ViewControllers */ = {
			isa = PBXGroup;
			children = (
				DDDCAABA2848D75500784A0E /* Login */,
				DDDCAAB4284740D800784A0E /* ChatViewController.swift */,
				DDDCAAB02847408400784A0E /* ChatsListViewController.swift */,
				DDDCAAAE2847406F00784A0E /* FavoritesViewController.swift */,
				DDDCAAB2284740A100784A0E /* ProfileViewController.swift */,
				DDDCAAB628474F7E00784A0E /* TabBarController.swift */,
			);
			path = ViewControllers;
			sourceTree = "<group>";
		};
		DDDCAA8828466D8E00784A0E /* Models */ = {
			isa = PBXGroup;
			children = (
			);
			path = Models;
			sourceTree = "<group>";
		};
		DDDCAABA2848D75500784A0E /* Login */ = {
			isa = PBXGroup;
			children = (
				DDDCAAB8284799F400784A0E /* ConversationsViewController.swift */,
				DDBC0C1E284638C400E2EF2F /* AuthViewController.swift */,
			);
			path = Login;
			sourceTree = "<group>";
		};
		DDDCAABB2848EA6900784A0E /* Extensions */ = {
			isa = PBXGroup;
			children = (
				DDDCAABC2848EA9400784A0E /* UIStackView + Extensions.swift */,
			);
			path = Extensions;
			sourceTree = "<group>";
		};
/* End PBXGroup section */

/* Begin PBXNativeTarget section */
		DDBC0C16284638C400E2EF2F /* MessApp */ = {
			isa = PBXNativeTarget;
			buildConfigurationList = DDBC0C2E284638C500E2EF2F /* Build configuration list for PBXNativeTarget "MessApp" */;
			buildPhases = (
				DDBC0C13284638C400E2EF2F /* Sources */,
				DDBC0C14284638C400E2EF2F /* Frameworks */,
				DDBC0C15284638C400E2EF2F /* Resources */,
			);
			buildRules = (
			);
			dependencies = (
			);
			name = MessApp;
			packageProductDependencies = (
			);
			productName = MessApp;
			productReference = DDBC0C17284638C400E2EF2F /* MessApp.app */;
			productType = "com.apple.product-type.application";
		};
/* End PBXNativeTarget section */

/* Begin PBXProject section */
		DDBC0C0F284638C400E2EF2F /* Project object */ = {
			isa = PBXProject;
			attributes = {
				BuildIndependentTargetsInParallel = 1;
				LastSwiftUpdateCheck = 1330;
				LastUpgradeCheck = 1330;
				TargetAttributes = {
					DDBC0C16284638C400E2EF2F = {
						CreatedOnToolsVersion = 13.3.1;
					};
				};
			};
			buildConfigurationList = DDBC0C12284638C400E2EF2F /* Build configuration list for PBXProject "MessApp" */;
			compatibilityVersion = "Xcode 13.0";
			developmentRegion = en;
			hasScannedForEncodings = 0;
			knownRegions = (
				en,
				Base,
			);
			mainGroup = DDBC0C0E284638C400E2EF2F;
			packageReferences = (
			);
			productRefGroup = DDBC0C18284638C400E2EF2F /* Products */;
			projectDirPath = "";
			projectRoot = "";
			targets = (
				DDBC0C16284638C400E2EF2F /* MessApp */,
			);
		};
/* End PBXProject section */

/* Begin PBXResourcesBuildPhase section */
		DDBC0C15284638C400E2EF2F /* Resources */ = {
			isa = PBXResourcesBuildPhase;
			buildActionMask = 2147483647;
			files = (
				DDBC0C2A284638C500E2EF2F /* LaunchScreen.storyboard in Resources */,
				DDBC0C27284638C500E2EF2F /* Assets.xcassets in Resources */,
				DDCF029F28465C3300FCE4A1 /* GoogleService-Info.plist in Resources */,
			);
			runOnlyForDeploymentPostprocessing = 0;
		};
/* End PBXResourcesBuildPhase section */

/* Begin PBXSourcesBuildPhase section */
		DDBC0C13284638C400E2EF2F /* Sources */ = {
			isa = PBXSourcesBuildPhase;
			buildActionMask = 2147483647;
			files = (
				DDDCAAB728474F7E00784A0E /* TabBarController.swift in Sources */,
				DDDCAAB3284740A100784A0E /* ProfileViewController.swift in Sources */,
				DDBC0C1F284638C400E2EF2F /* AuthViewController.swift in Sources */,
				DDDCAABD2848EA9400784A0E /* UIStackView + Extensions.swift in Sources */,
				DDBC0C25284638C400E2EF2F /* MessApp.xcdatamodeld in Sources */,
				DDDCAAB5284740D800784A0E /* ChatViewController.swift in Sources */,
				DDDCAAB12847408400784A0E /* ChatsListViewController.swift in Sources */,
				DDDCAAB9284799F400784A0E /* ConversationsViewController.swift in Sources */,
				DDDCAAAF2847406F00784A0E /* FavoritesViewController.swift in Sources */,
				DDBC0C1B284638C400E2EF2F /* AppDelegate.swift in Sources */,
			);
			runOnlyForDeploymentPostprocessing = 0;
		};
/* End PBXSourcesBuildPhase section */

/* Begin PBXVariantGroup section */
		DDBC0C28284638C500E2EF2F /* LaunchScreen.storyboard */ = {
			isa = PBXVariantGroup;
			children = (
				DDBC0C29284638C500E2EF2F /* Base */,
			);
			name = LaunchScreen.storyboard;
			sourceTree = "<group>";
		};
/* End PBXVariantGroup section */

/* Begin XCBuildConfiguration section */
		DDBC0C2C284638C500E2EF2F /* Debug */ = {
			isa = XCBuildConfiguration;
			buildSettings = {
				ALWAYS_SEARCH_USER_PATHS = NO;
				CLANG_ANALYZER_NONNULL = YES;
				CLANG_ANALYZER_NUMBER_OBJECT_CONVERSION = YES_AGGRESSIVE;
				CLANG_CXX_LANGUAGE_STANDARD = "gnu++17";
				CLANG_ENABLE_MODULES = YES;
				CLANG_ENABLE_OBJC_ARC = YES;
				CLANG_ENABLE_OBJC_WEAK = YES;
				CLANG_WARN_BLOCK_CAPTURE_AUTORELEASING = YES;
				CLANG_WARN_BOOL_CONVERSION = YES;
				CLANG_WARN_COMMA = YES;
				CLANG_WARN_CONSTANT_CONVERSION = YES;
				CLANG_WARN_DEPRECATED_OBJC_IMPLEMENTATIONS = YES;
				CLANG_WARN_DIRECT_OBJC_ISA_USAGE = YES_ERROR;
				CLANG_WARN_DOCUMENTATION_COMMENTS = YES;
				CLANG_WARN_EMPTY_BODY = YES;
				CLANG_WARN_ENUM_CONVERSION = YES;
				CLANG_WARN_INFINITE_RECURSION = YES;
				CLANG_WARN_INT_CONVERSION = YES;
				CLANG_WARN_NON_LITERAL_NULL_CONVERSION = YES;
				CLANG_WARN_OBJC_IMPLICIT_RETAIN_SELF = YES;
				CLANG_WARN_OBJC_LITERAL_CONVERSION = YES;
				CLANG_WARN_OBJC_ROOT_CLASS = YES_ERROR;
				CLANG_WARN_QUOTED_INCLUDE_IN_FRAMEWORK_HEADER = YES;
				CLANG_WARN_RANGE_LOOP_ANALYSIS = YES;
				CLANG_WARN_STRICT_PROTOTYPES = YES;
				CLANG_WARN_SUSPICIOUS_MOVE = YES;
				CLANG_WARN_UNGUARDED_AVAILABILITY = YES_AGGRESSIVE;
				CLANG_WARN_UNREACHABLE_CODE = YES;
				CLANG_WARN__DUPLICATE_METHOD_MATCH = YES;
				COPY_PHASE_STRIP = NO;
				DEBUG_INFORMATION_FORMAT = dwarf;
				ENABLE_STRICT_OBJC_MSGSEND = YES;
				ENABLE_TESTABILITY = YES;
				GCC_C_LANGUAGE_STANDARD = gnu11;
				GCC_DYNAMIC_NO_PIC = NO;
				GCC_NO_COMMON_BLOCKS = YES;
				GCC_OPTIMIZATION_LEVEL = 0;
				GCC_PREPROCESSOR_DEFINITIONS = (
					"DEBUG=1",
					"$(inherited)",
				);
				GCC_WARN_64_TO_32_BIT_CONVERSION = YES;
				GCC_WARN_ABOUT_RETURN_TYPE = YES_ERROR;
				GCC_WARN_UNDECLARED_SELECTOR = YES;
				GCC_WARN_UNINITIALIZED_AUTOS = YES_AGGRESSIVE;
				GCC_WARN_UNUSED_FUNCTION = YES;
				GCC_WARN_UNUSED_VARIABLE = YES;
				IPHONEOS_DEPLOYMENT_TARGET = 15.4;
				MTL_ENABLE_DEBUG_INFO = INCLUDE_SOURCE;
				MTL_FAST_MATH = YES;
				ONLY_ACTIVE_ARCH = YES;
				SDKROOT = iphoneos;
				SWIFT_ACTIVE_COMPILATION_CONDITIONS = DEBUG;
				SWIFT_OPTIMIZATION_LEVEL = "-Onone";
			};
			name = Debug;
		};
		DDBC0C2D284638C500E2EF2F /* Release */ = {
			isa = XCBuildConfiguration;
			buildSettings = {
				ALWAYS_SEARCH_USER_PATHS = NO;
				CLANG_ANALYZER_NONNULL = YES;
				CLANG_ANALYZER_NUMBER_OBJECT_CONVERSION = YES_AGGRESSIVE;
				CLANG_CXX_LANGUAGE_STANDARD = "gnu++17";
				CLANG_ENABLE_MODULES = YES;
				CLANG_ENABLE_OBJC_ARC = YES;
				CLANG_ENABLE_OBJC_WEAK = YES;
				CLANG_WARN_BLOCK_CAPTURE_AUTORELEASING = YES;
				CLANG_WARN_BOOL_CONVERSION = YES;
				CLANG_WARN_COMMA = YES;
				CLANG_WARN_CONSTANT_CONVERSION = YES;
				CLANG_WARN_DEPRECATED_OBJC_IMPLEMENTATIONS = YES;
				CLANG_WARN_DIRECT_OBJC_ISA_USAGE = YES_ERROR;
				CLANG_WARN_DOCUMENTATION_COMMENTS = YES;
				CLANG_WARN_EMPTY_BODY = YES;
				CLANG_WARN_ENUM_CONVERSION = YES;
				CLANG_WARN_INFINITE_RECURSION = YES;
				CLANG_WARN_INT_CONVERSION = YES;
				CLANG_WARN_NON_LITERAL_NULL_CONVERSION = YES;
				CLANG_WARN_OBJC_IMPLICIT_RETAIN_SELF = YES;
				CLANG_WARN_OBJC_LITERAL_CONVERSION = YES;
				CLANG_WARN_OBJC_ROOT_CLASS = YES_ERROR;
				CLANG_WARN_QUOTED_INCLUDE_IN_FRAMEWORK_HEADER = YES;
				CLANG_WARN_RANGE_LOOP_ANALYSIS = YES;
				CLANG_WARN_STRICT_PROTOTYPES = YES;
				CLANG_WARN_SUSPICIOUS_MOVE = YES;
				CLANG_WARN_UNGUARDED_AVAILABILITY = YES_AGGRESSIVE;
				CLANG_WARN_UNREACHABLE_CODE = YES;
				CLANG_WARN__DUPLICATE_METHOD_MATCH = YES;
				COPY_PHASE_STRIP = NO;
				DEBUG_INFORMATION_FORMAT = "dwarf-with-dsym";
				ENABLE_NS_ASSERTIONS = NO;
				ENABLE_STRICT_OBJC_MSGSEND = YES;
				GCC_C_LANGUAGE_STANDARD = gnu11;
				GCC_NO_COMMON_BLOCKS = YES;
				GCC_WARN_64_TO_32_BIT_CONVERSION = YES;
				GCC_WARN_ABOUT_RETURN_TYPE = YES_ERROR;
				GCC_WARN_UNDECLARED_SELECTOR = YES;
				GCC_WARN_UNINITIALIZED_AUTOS = YES_AGGRESSIVE;
				GCC_WARN_UNUSED_FUNCTION = YES;
				GCC_WARN_UNUSED_VARIABLE = YES;
				IPHONEOS_DEPLOYMENT_TARGET = 15.4;
				MTL_ENABLE_DEBUG_INFO = NO;
				MTL_FAST_MATH = YES;
				SDKROOT = iphoneos;
				SWIFT_COMPILATION_MODE = wholemodule;
				SWIFT_OPTIMIZATION_LEVEL = "-O";
				VALIDATE_PRODUCT = YES;
			};
			name = Release;
		};
		DDBC0C2F284638C500E2EF2F /* Debug */ = {
			isa = XCBuildConfiguration;
			buildSettings = {
				ASSETCATALOG_COMPILER_APPICON_NAME = AppIcon;
				ASSETCATALOG_COMPILER_GLOBAL_ACCENT_COLOR_NAME = AccentColor;
				CODE_SIGN_STYLE = Automatic;
				CURRENT_PROJECT_VERSION = 1;
				DEVELOPMENT_TEAM = BN87K5QK52;
				GENERATE_INFOPLIST_FILE = YES;
				INFOPLIST_FILE = MessApp/Source/Info.plist;
				INFOPLIST_KEY_UIApplicationSupportsIndirectInputEvents = YES;
				INFOPLIST_KEY_UILaunchStoryboardName = LaunchScreen;
				INFOPLIST_KEY_UISupportedInterfaceOrientations_iPad = "UIInterfaceOrientationPortrait UIInterfaceOrientationPortraitUpsideDown UIInterfaceOrientationLandscapeLeft UIInterfaceOrientationLandscapeRight";
				INFOPLIST_KEY_UISupportedInterfaceOrientations_iPhone = "UIInterfaceOrientationPortrait UIInterfaceOrientationLandscapeLeft UIInterfaceOrientationLandscapeRight";
				LD_RUNPATH_SEARCH_PATHS = (
					"$(inherited)",
					"@executable_path/Frameworks",
				);
				MARKETING_VERSION = 1.0;
				PRODUCT_BUNDLE_IDENTIFIER = HG.MessApp;
				PRODUCT_NAME = "$(TARGET_NAME)";
				SWIFT_EMIT_LOC_STRINGS = YES;
				SWIFT_VERSION = 5.0;
				TARGETED_DEVICE_FAMILY = "1,2";
			};
			name = Debug;
		};
		DDBC0C30284638C500E2EF2F /* Release */ = {
			isa = XCBuildConfiguration;
			buildSettings = {
				ASSETCATALOG_COMPILER_APPICON_NAME = AppIcon;
				ASSETCATALOG_COMPILER_GLOBAL_ACCENT_COLOR_NAME = AccentColor;
				CODE_SIGN_STYLE = Automatic;
				CURRENT_PROJECT_VERSION = 1;
				DEVELOPMENT_TEAM = BN87K5QK52;
				GENERATE_INFOPLIST_FILE = YES;
				INFOPLIST_FILE = MessApp/Source/Info.plist;
				INFOPLIST_KEY_UIApplicationSupportsIndirectInputEvents = YES;
				INFOPLIST_KEY_UILaunchStoryboardName = LaunchScreen;
				INFOPLIST_KEY_UISupportedInterfaceOrientations_iPad = "UIInterfaceOrientationPortrait UIInterfaceOrientationPortraitUpsideDown UIInterfaceOrientationLandscapeLeft UIInterfaceOrientationLandscapeRight";
				INFOPLIST_KEY_UISupportedInterfaceOrientations_iPhone = "UIInterfaceOrientationPortrait UIInterfaceOrientationLandscapeLeft UIInterfaceOrientationLandscapeRight";
				LD_RUNPATH_SEARCH_PATHS = (
					"$(inherited)",
					"@executable_path/Frameworks",
				);
				MARKETING_VERSION = 1.0;
				PRODUCT_BUNDLE_IDENTIFIER = HG.MessApp;
				PRODUCT_NAME = "$(TARGET_NAME)";
				SWIFT_EMIT_LOC_STRINGS = YES;
				SWIFT_VERSION = 5.0;
				TARGETED_DEVICE_FAMILY = "1,2";
			};
			name = Release;
		};
/* End XCBuildConfiguration section */

/* Begin XCConfigurationList section */
		DDBC0C12284638C400E2EF2F /* Build configuration list for PBXProject "MessApp" */ = {
			isa = XCConfigurationList;
			buildConfigurations = (
				DDBC0C2C284638C500E2EF2F /* Debug */,
				DDBC0C2D284638C500E2EF2F /* Release */,
			);
			defaultConfigurationIsVisible = 0;
			defaultConfigurationName = Release;
		};
		DDBC0C2E284638C500E2EF2F /* Build configuration list for PBXNativeTarget "MessApp" */ = {
			isa = XCConfigurationList;
			buildConfigurations = (
				DDBC0C2F284638C500E2EF2F /* Debug */,
				DDBC0C30284638C500E2EF2F /* Release */,
			);
			defaultConfigurationIsVisible = 0;
			defaultConfigurationName = Release;
		};
/* End XCConfigurationList section */

/* Begin XCVersionGroup section */
		DDBC0C23284638C400E2EF2F /* MessApp.xcdatamodeld */ = {
			isa = XCVersionGroup;
			children = (
				DDBC0C24284638C400E2EF2F /* MessApp.xcdatamodel */,
			);
			currentVersion = DDBC0C24284638C400E2EF2F /* MessApp.xcdatamodel */;
			path = MessApp.xcdatamodeld;
			sourceTree = "<group>";
			versionGroupType = wrapper.xcdatamodel;
		};
/* End XCVersionGroup section */
	};
	rootObject = DDBC0C0F284638C400E2EF2F /* Project object */;
}
